// !$*UTF8*$!
{
	archiveVersion = 1;
	classes = {
	};
	objectVersion = 46;
	objects = {

/* Begin PBXBuildFile section */
		7ADCB5661AEE3C3000B3CE36 /* main.m in Sources */ = {isa = PBXBuildFile; fileRef = 7ADCB5651AEE3C3000B3CE36 /* main.m */; };
		7ADCB5691AEE3C3000B3CE36 /* AppDelegate.m in Sources */ = {isa = PBXBuildFile; fileRef = 7ADCB5681AEE3C3000B3CE36 /* AppDelegate.m */; };
		7ADCB56C1AEE3C3000B3CE36 /* ViewController.m in Sources */ = {isa = PBXBuildFile; fileRef = 7ADCB56B1AEE3C3000B3CE36 /* ViewController.m */; };
		7ADCB56F1AEE3C3000B3CE36 /* Main.storyboard in Resources */ = {isa = PBXBuildFile; fileRef = 7ADCB56D1AEE3C3000B3CE36 /* Main.storyboard */; };
		7ADCB5711AEE3C3000B3CE36 /* Images.xcassets in Resources */ = {isa = PBXBuildFile; fileRef = 7ADCB5701AEE3C3000B3CE36 /* Images.xcassets */; };
		7ADCB5741AEE3C3000B3CE36 /* LaunchScreen.xib in Resources */ = {isa = PBXBuildFile; fileRef = 7ADCB5721AEE3C3000B3CE36 /* LaunchScreen.xib */; };
		7ADCB5801AEE3C3000B3CE36 /* Lesson_1Tests.m in Sources */ = {isa = PBXBuildFile; fileRef = 7ADCB57F1AEE3C3000B3CE36 /* Lesson_1Tests.m */; };
		7ADCB58A1AEE64DD00B3CE36 /* UIKit.framework in Frameworks */ = {isa = PBXBuildFile; fileRef = 7ADCB5891AEE64DD00B3CE36 /* UIKit.framework */; };
		7ADCB58C1AEE64E300B3CE36 /* Foundation.framework in Frameworks */ = {isa = PBXBuildFile; fileRef = 7ADCB58B1AEE64E300B3CE36 /* Foundation.framework */; };
		7ADCB58E1AEE64EA00B3CE36 /* QuartzCore.framework in Frameworks */ = {isa = PBXBuildFile; fileRef = 7ADCB58D1AEE64EA00B3CE36 /* QuartzCore.framework */; };
		7ADCB5901AEE64F200B3CE36 /* CoreGraphics.framework in Frameworks */ = {isa = PBXBuildFile; fileRef = 7ADCB58F1AEE64F200B3CE36 /* CoreGraphics.framework */; };
		7ADCB5941AEE6ADB00B3CE36 /* IBAnimation.m in Sources */ = {isa = PBXBuildFile; fileRef = 7ADCB5931AEE6ADB00B3CE36 /* IBAnimation.m */; };
/* End PBXBuildFile section */

/* Begin PBXContainerItemProxy section */
		7ADCB57A1AEE3C3000B3CE36 /* PBXContainerItemProxy */ = {
			isa = PBXContainerItemProxy;
			containerPortal = 7ADCB5581AEE3C3000B3CE36 /* Project object */;
			proxyType = 1;
			remoteGlobalIDString = 7ADCB55F1AEE3C3000B3CE36;
			remoteInfo = "Lesson 1";
		};
/* End PBXContainerItemProxy section */

/* Begin PBXFileReference section */
		7ADCB5601AEE3C3000B3CE36 /* Lesson 1.app */ = {isa = PBXFileReference; explicitFileType = wrapper.application; includeInIndex = 0; path = "Lesson 1.app"; sourceTree = BUILT_PRODUCTS_DIR; };
		7ADCB5641AEE3C3000B3CE36 /* Info.plist */ = {isa = PBXFileReference; lastKnownFileType = text.plist.xml; path = Info.plist; sourceTree = "<group>"; };
		7ADCB5651AEE3C3000B3CE36 /* main.m */ = {isa = PBXFileReference; lastKnownFileType = sourcecode.c.objc; path = main.m; sourceTree = "<group>"; };
		7ADCB5671AEE3C3000B3CE36 /* AppDelegate.h */ = {isa = PBXFileReference; lastKnownFileType = sourcecode.c.h; path = AppDelegate.h; sourceTree = "<group>"; };
		7ADCB5681AEE3C3000B3CE36 /* AppDelegate.m */ = {isa = PBXFileReference; lastKnownFileType = sourcecode.c.objc; path = AppDelegate.m; sourceTree = "<group>"; };
		7ADCB56A1AEE3C3000B3CE36 /* ViewController.h */ = {isa = PBXFileReference; lastKnownFileType = sourcecode.c.h; path = ViewController.h; sourceTree = "<group>"; };
		7ADCB56B1AEE3C3000B3CE36 /* ViewController.m */ = {isa = PBXFileReference; lastKnownFileType = sourcecode.c.objc; path = ViewController.m; sourceTree = "<group>"; };
		7ADCB56E1AEE3C3000B3CE36 /* Base */ = {isa = PBXFileReference; lastKnownFileType = file.storyboard; name = Base; path = Base.lproj/Main.storyboard; sourceTree = "<group>"; };
		7ADCB5701AEE3C3000B3CE36 /* Images.xcassets */ = {isa = PBXFileReference; lastKnownFileType = folder.assetcatalog; path = Images.xcassets; sourceTree = "<group>"; };
		7ADCB5731AEE3C3000B3CE36 /* Base */ = {isa = PBXFileReference; lastKnownFileType = file.xib; name = Base; path = Base.lproj/LaunchScreen.xib; sourceTree = "<group>"; };
		7ADCB5791AEE3C3000B3CE36 /* Lesson 1Tests.xctest */ = {isa = PBXFileReference; explicitFileType = wrapper.cfbundle; includeInIndex = 0; path = "Lesson 1Tests.xctest"; sourceTree = BUILT_PRODUCTS_DIR; };
		7ADCB57E1AEE3C3000B3CE36 /* Info.plist */ = {isa = PBXFileReference; lastKnownFileType = text.plist.xml; path = Info.plist; sourceTree = "<group>"; };
		7ADCB57F1AEE3C3000B3CE36 /* Lesson_1Tests.m */ = {isa = PBXFileReference; lastKnownFileType = sourcecode.c.objc; path = Lesson_1Tests.m; sourceTree = "<group>"; };
		7ADCB5891AEE64DD00B3CE36 /* UIKit.framework */ = {isa = PBXFileReference; lastKnownFileType = wrapper.framework; name = UIKit.framework; path = System/Library/Frameworks/UIKit.framework; sourceTree = SDKROOT; };
		7ADCB58B1AEE64E300B3CE36 /* Foundation.framework */ = {isa = PBXFileReference; lastKnownFileType = wrapper.framework; name = Foundation.framework; path = System/Library/Frameworks/Foundation.framework; sourceTree = SDKROOT; };
		7ADCB58D1AEE64EA00B3CE36 /* QuartzCore.framework */ = {isa = PBXFileReference; lastKnownFileType = wrapper.framework; name = QuartzCore.framework; path = System/Library/Frameworks/QuartzCore.framework; sourceTree = SDKROOT; };
		7ADCB58F1AEE64F200B3CE36 /* CoreGraphics.framework */ = {isa = PBXFileReference; lastKnownFileType = wrapper.framework; name = CoreGraphics.framework; path = System/Library/Frameworks/CoreGraphics.framework; sourceTree = SDKROOT; };
		7ADCB5921AEE6ADB00B3CE36 /* IBAnimation.h */ = {isa = PBXFileReference; fileEncoding = 4; lastKnownFileType = sourcecode.c.h; path = IBAnimation.h; sourceTree = "<group>"; };
		7ADCB5931AEE6ADB00B3CE36 /* IBAnimation.m */ = {isa = PBXFileReference; fileEncoding = 4; lastKnownFileType = sourcecode.c.objc; path = IBAnimation.m; sourceTree = "<group>"; };
/* End PBXFileReference section */

/* Begin PBXFrameworksBuildPhase section */
		7ADCB55D1AEE3C3000B3CE36 /* Frameworks */ = {
			isa = PBXFrameworksBuildPhase;
			buildActionMask = 2147483647;
			files = (
				7ADCB5901AEE64F200B3CE36 /* CoreGraphics.framework in Frameworks */,
				7ADCB58E1AEE64EA00B3CE36 /* QuartzCore.framework in Frameworks */,
				7ADCB58C1AEE64E300B3CE36 /* Foundation.framework in Frameworks */,
				7ADCB58A1AEE64DD00B3CE36 /* UIKit.framework in Frameworks */,
			);
			runOnlyForDeploymentPostprocessing = 0;
		};
		7ADCB5761AEE3C3000B3CE36 /* Frameworks */ = {
			isa = PBXFrameworksBuildPhase;
			buildActionMask = 2147483647;
			files = (
			);
			runOnlyForDeploymentPostprocessing = 0;
		};
/* End PBXFrameworksBuildPhase section */

/* Begin PBXGroup section */
		7ADCB5571AEE3C3000B3CE36 = {
			isa = PBXGroup;
			children = (
				7ADCB5911AEE6A9400B3CE36 /* Animation */,
				7ADCB58F1AEE64F200B3CE36 /* CoreGraphics.framework */,
				7ADCB58D1AEE64EA00B3CE36 /* QuartzCore.framework */,
				7ADCB58B1AEE64E300B3CE36 /* Foundation.framework */,
				7ADCB5891AEE64DD00B3CE36 /* UIKit.framework */,
				7ADCB5621AEE3C3000B3CE36 /* Lesson 1 */,
				7ADCB57C1AEE3C3000B3CE36 /* Lesson 1Tests */,
				7ADCB5611AEE3C3000B3CE36 /* Products */,
			);
			sourceTree = "<group>";
		};
		7ADCB5611AEE3C3000B3CE36 /* Products */ = {
			isa = PBXGroup;
			children = (
				7ADCB5601AEE3C3000B3CE36 /* Lesson 1.app */,
				7ADCB5791AEE3C3000B3CE36 /* Lesson 1Tests.xctest */,
			);
			name = Products;
			sourceTree = "<group>";
		};
		7ADCB5621AEE3C3000B3CE36 /* Lesson 1 */ = {
			isa = PBXGroup;
			children = (
				7ADCB5671AEE3C3000B3CE36 /* AppDelegate.h */,
				7ADCB5681AEE3C3000B3CE36 /* AppDelegate.m */,
				7ADCB56A1AEE3C3000B3CE36 /* ViewController.h */,
				7ADCB56B1AEE3C3000B3CE36 /* ViewController.m */,
				7ADCB56D1AEE3C3000B3CE36 /* Main.storyboard */,
				7ADCB5701AEE3C3000B3CE36 /* Images.xcassets */,
				7ADCB5721AEE3C3000B3CE36 /* LaunchScreen.xib */,
				7ADCB5631AEE3C3000B3CE36 /* Supporting Files */,
			);
			path = "Lesson 1";
			sourceTree = "<group>";
		};
		7ADCB5631AEE3C3000B3CE36 /* Supporting Files */ = {
			isa = PBXGroup;
			children = (
				7ADCB5641AEE3C3000B3CE36 /* Info.plist */,
				7ADCB5651AEE3C3000B3CE36 /* main.m */,
			);
			name = "Supporting Files";
			sourceTree = "<group>";
		};
		7ADCB57C1AEE3C3000B3CE36 /* Lesson 1Tests */ = {
			isa = PBXGroup;
			children = (
				7ADCB57F1AEE3C3000B3CE36 /* Lesson_1Tests.m */,
				7ADCB57D1AEE3C3000B3CE36 /* Supporting Files */,
			);
			path = "Lesson 1Tests";
			sourceTree = "<group>";
		};
		7ADCB57D1AEE3C3000B3CE36 /* Supporting Files */ = {
			isa = PBXGroup;
			children = (
				7ADCB57E1AEE3C3000B3CE36 /* Info.plist */,
			);
			name = "Supporting Files";
			sourceTree = "<group>";
		};
		7ADCB5911AEE6A9400B3CE36 /* Animation */ = {
			isa = PBXGroup;
			children = (
				7ADCB5921AEE6ADB00B3CE36 /* IBAnimation.h */,
				7ADCB5931AEE6ADB00B3CE36 /* IBAnimation.m */,
			);
			name = Animation;
			sourceTree = "<group>";
		};
/* End PBXGroup section */

/* Begin PBXNativeTarget section */
		7ADCB55F1AEE3C3000B3CE36 /* Lesson 1 */ = {
			isa = PBXNativeTarget;
			buildConfigurationList = 7ADCB5831AEE3C3000B3CE36 /* Build configuration list for PBXNativeTarget "Lesson 1" */;
			buildPhases = (
				7ADCB55C1AEE3C3000B3CE36 /* Sources */,
				7ADCB55D1AEE3C3000B3CE36 /* Frameworks */,
				7ADCB55E1AEE3C3000B3CE36 /* Resources */,
			);
			buildRules = (
			);
			dependencies = (
			);
			name = "Lesson 1";
			productName = "Lesson 1";
			productReference = 7ADCB5601AEE3C3000B3CE36 /* Lesson 1.app */;
			productType = "com.apple.product-type.application";
		};
		7ADCB5781AEE3C3000B3CE36 /* Lesson 1Tests */ = {
			isa = PBXNativeTarget;
			buildConfigurationList = 7ADCB5861AEE3C3000B3CE36 /* Build configuration list for PBXNativeTarget "Lesson 1Tests" */;
			buildPhases = (
				7ADCB5751AEE3C3000B3CE36 /* Sources */,
				7ADCB5761AEE3C3000B3CE36 /* Frameworks */,
				7ADCB5771AEE3C3000B3CE36 /* Resources */,
			);
			buildRules = (
			);
			dependencies = (
				7ADCB57B1AEE3C3000B3CE36 /* PBXTargetDependency */,
			);
			name = "Lesson 1Tests";
			productName = "Lesson 1Tests";
			productReference = 7ADCB5791AEE3C3000B3CE36 /* Lesson 1Tests.xctest */;
			productType = "com.apple.product-type.bundle.unit-test";
		};
/* End PBXNativeTarget section */

/* Begin PBXProject section */
		7ADCB5581AEE3C3000B3CE36 /* Project object */ = {
			isa = PBXProject;
			attributes = {
				LastUpgradeCheck = 0630;
				ORGANIZATIONNAME = "Ivan Babich";
				TargetAttributes = {
					7ADCB55F1AEE3C3000B3CE36 = {
						CreatedOnToolsVersion = 6.3;
					};
					7ADCB5781AEE3C3000B3CE36 = {
						CreatedOnToolsVersion = 6.3;
						TestTargetID = 7ADCB55F1AEE3C3000B3CE36;
					};
				};
			};
			buildConfigurationList = 7ADCB55B1AEE3C3000B3CE36 /* Build configuration list for PBXProject "Lesson 1" */;
			compatibilityVersion = "Xcode 3.2";
			developmentRegion = English;
			hasScannedForEncodings = 0;
			knownRegions = (
				en,
				Base,
			);
			mainGroup = 7ADCB5571AEE3C3000B3CE36;
			productRefGroup = 7ADCB5611AEE3C3000B3CE36 /* Products */;
			projectDirPath = "";
			projectRoot = "";
			targets = (
				7ADCB55F1AEE3C3000B3CE36 /* Lesson 1 */,
				7ADCB5781AEE3C3000B3CE36 /* Lesson 1Tests */,
			);
		};
/* End PBXProject section */

/* Begin PBXResourcesBuildPhase section */
		7ADCB55E1AEE3C3000B3CE36 /* Resources */ = {
			isa = PBXResourcesBuildPhase;
			buildActionMask = 2147483647;
			files = (
				7ADCB56F1AEE3C3000B3CE36 /* Main.storyboard in Resources */,
				7ADCB5741AEE3C3000B3CE36 /* LaunchScreen.xib in Resources */,
				7ADCB5711AEE3C3000B3CE36 /* Images.xcassets in Resources */,
			);
			runOnlyForDeploymentPostprocessing = 0;
		};
		7ADCB5771AEE3C3000B3CE36 /* Resources */ = {
			isa = PBXResourcesBuildPhase;
			buildActionMask = 2147483647;
			files = (
			);
			runOnlyForDeploymentPostprocessing = 0;
		};
/* End PBXResourcesBuildPhase section */

/* Begin PBXSourcesBuildPhase section */
		7ADCB55C1AEE3C3000B3CE36 /* Sources */ = {
			isa = PBXSourcesBuildPhase;
			buildActionMask = 2147483647;
			files = (
				7ADCB56C1AEE3C3000B3CE36 /* ViewController.m in Sources */,
				7ADCB5691AEE3C3000B3CE36 /* AppDelegate.m in Sources */,
				7ADCB5661AEE3C3000B3CE36 /* main.m in Sources */,
				7ADCB5941AEE6ADB00B3CE36 /* IBAnimation.m in Sources */,
			);
			runOnlyForDeploymentPostprocessing = 0;
		};
		7ADCB5751AEE3C3000B3CE36 /* Sources */ = {
			isa = PBXSourcesBuildPhase;
			buildActionMask = 2147483647;
			files = (
				7ADCB5801AEE3C3000B3CE36 /* Lesson_1Tests.m in Sources */,
			);
			runOnlyForDeploymentPostprocessing = 0;
		};
/* End PBXSourcesBuildPhase section */

/* Begin PBXTargetDependency section */
		7ADCB57B1AEE3C3000B3CE36 /* PBXTargetDependency */ = {
			isa = PBXTargetDependency;
			target = 7ADCB55F1AEE3C3000B3CE36 /* Lesson 1 */;
			targetProxy = 7ADCB57A1AEE3C3000B3CE36 /* PBXContainerItemProxy */;
		};
/* End PBXTargetDependency section */

/* Begin PBXVariantGroup section */
		7ADCB56D1AEE3C3000B3CE36 /* Main.storyboard */ = {
			isa = PBXVariantGroup;
			children = (
				7ADCB56E1AEE3C3000B3CE36 /* Base */,
			);
			name = Main.storyboard;
			sourceTree = "<group>";
		};
		7ADCB5721AEE3C3000B3CE36 /* LaunchScreen.xib */ = {
			isa = PBXVariantGroup;
			children = (
				7ADCB5731AEE3C3000B3CE36 /* Base */,
			);
			name = LaunchScreen.xib;
			sourceTree = "<group>";
		};
/* End PBXVariantGroup section */

/* Begin XCBuildConfiguration section */
		7ADCB5811AEE3C3000B3CE36 /* Debug */ = {
			isa = XCBuildConfiguration;
			buildSettings = {
				ALWAYS_SEARCH_USER_PATHS = NO;
				CLANG_CXX_LANGUAGE_STANDARD = "gnu++0x";
				CLANG_CXX_LIBRARY = "libc++";
				CLANG_ENABLE_MODULES = YES;
				CLANG_ENABLE_OBJC_ARC = YES;
				CLANG_WARN_BOOL_CONVERSION = YES;
				CLANG_WARN_CONSTANT_CONVERSION = YES;
				CLANG_WARN_DIRECT_OBJC_ISA_USAGE = YES_ERROR;
				CLANG_WARN_EMPTY_BODY = YES;
				CLANG_WARN_ENUM_CONVERSION = YES;
				CLANG_WARN_INT_CONVERSION = YES;
				CLANG_WARN_OBJC_ROOT_CLASS = YES_ERROR;
				CLANG_WARN_UNREACHABLE_CODE = YES;
				CLANG_WARN__DUPLICATE_METHOD_MATCH = YES;
				"CODE_SIGN_IDENTITY[sdk=iphoneos*]" = "iPhone Developer";
				COPY_PHASE_STRIP = NO;
				DEBUG_INFORMATION_FORMAT = "dwarf-with-dsym";
				ENABLE_STRICT_OBJC_MSGSEND = YES;
				GCC_C_LANGUAGE_STANDARD = gnu99;
				GCC_DYNAMIC_NO_PIC = NO;
				GCC_NO_COMMON_BLOCKS = YES;
				GCC_OPTIMIZATION_LEVEL = 0;
				GCC_PREPROCESSOR_DEFINITIONS = (
					"DEBUG=1",
					"$(inherited)",
				);
				GCC_SYMBOLS_PRIVATE_EXTERN = NO;
				GCC_WARN_64_TO_32_BIT_CONVERSION = YES;
				GCC_WARN_ABOUT_RETURN_TYPE = YES_ERROR;
				GCC_WARN_UNDECLARED_SELECTOR = YES;
				GCC_WARN_UNINITIALIZED_AUTOS = YES_AGGRESSIVE;
				GCC_WARN_UNUSED_FUNCTION = YES;
				GCC_WARN_UNUSED_VARIABLE = YES;
				IPHONEOS_DEPLOYMENT_TARGET = 8.3;
				MTL_ENABLE_DEBUG_INFO = YES;
				ONLY_ACTIVE_ARCH = YES;
				SDKROOT = iphoneos;
				TARGETED_DEVICE_FAMILY = "1,2";
			};
			name = Debug;
		};
		7ADCB5821AEE3C3000B3CE36 /* Release */ = {
			isa = XCBuildConfiguration;
			buildSettings = {
				ALWAYS_SEARCH_USER_PATHS = NO;
				CLANG_CXX_LANGUAGE_STANDARD = "gnu++0x";
				CLANG_CXX_LIBRARY = "libc++";
				CLANG_ENABLE_MODULES = YES;
				CLANG_ENABLE_OBJC_ARC = YES;
				CLANG_WARN_BOOL_CONVERSION = YES;
				CLANG_WARN_CONSTANT_CONVERSION = YES;
				CLANG_WARN_DIRECT_OBJC_ISA_USAGE = YES_ERROR;
				CLANG_WARN_EMPTY_BODY = YES;
				CLANG_WARN_ENUM_CONVERSION = YES;
				CLANG_WARN_INT_CONVERSION = YES;
				CLANG_WARN_OBJC_ROOT_CLASS = YES_ERROR;
				CLANG_WARN_UNREACHABLE_CODE = YES;
				CLANG_WARN__DUPLICATE_METHOD_MATCH = YES;
				"CODE_SIGN_IDENTITY[sdk=iphoneos*]" = "iPhone Developer";
				COPY_PHASE_STRIP = NO;
				DEBUG_INFORMATION_FORMAT = "dwarf-with-dsym";
				ENABLE_NS_ASSERTIONS = NO;
				ENABLE_STRICT_OBJC_MSGSEND = YES;
				GCC_C_LANGUAGE_STANDARD = gnu99;
				GCC_NO_COMMON_BLOCKS = YES;
				GCC_WARN_64_TO_32_BIT_CONVERSION = YES;
				GCC_WARN_ABOUT_RETURN_TYPE = YES_ERROR;
				GCC_WARN_UNDECLARED_SELECTOR = YES;
				GCC_WARN_UNINITIALIZED_AUTOS = YES_AGGRESSIVE;
				GCC_WARN_UNUSED_FUNCTION = YES;
				GCC_WARN_UNUSED_VARIABLE = YES;
				IPHONEOS_DEPLOYMENT_TARGET = 8.3;
				MTL_ENABLE_DEBUG_INFO = NO;
				SDKROOT = iphoneos;
				TARGETED_DEVICE_FAMILY = "1,2";
				VALIDATE_PRODUCT = YES;
			};
			name = Release;
		};
		7ADCB5841AEE3C3000B3CE36 /* Debug */ = {
			isa = XCBuildConfiguration;
			buildSettings = {
				ASSETCATALOG_COMPILER_APPICON_NAME = AppIcon;
				INFOPLIST_FILE = "Lesson 1/Info.plist";
				LD_RUNPATH_SEARCH_PATHS = "$(inherited) @executable_path/Frameworks";
				PRODUCT_NAME = "$(TARGET_NAME)";
			};
			name = Debug;
		};
		7ADCB5851AEE3C3000B3CE36 /* Release */ = {
			isa = XCBuildConfiguration;
			buildSettings = {
				ASSETCATALOG_COMPILER_APPICON_NAME = AppIcon;
				INFOPLIST_FILE = "Lesson 1/Info.plist";
				LD_RUNPATH_SEARCH_PATHS = "$(inherited) @executable_path/Frameworks";
				PRODUCT_NAME = "$(TARGET_NAME)";
			};
			name = Release;
		};
		7ADCB5871AEE3C3000B3CE36 /* Debug */ = {
			isa = XCBuildConfiguration;
			buildSettings = {
				BUNDLE_LOADER = "$(TEST_HOST)";
				FRAMEWORK_SEARCH_PATHS = (
					"$(SDKROOT)/Developer/Library/Frameworks",
					"$(inherited)",
				);
				GCC_PREPROCESSOR_DEFINITIONS = (
					"DEBUG=1",
					"$(inherited)",
				);
				INFOPLIST_FILE = "Lesson 1Tests/Info.plist";
				LD_RUNPATH_SEARCH_PATHS = "$(inherited) @executable_path/Frameworks @loader_path/Frameworks";
				PRODUCT_NAME = "$(TARGET_NAME)";
				TEST_HOST = "$(BUILT_PRODUCTS_DIR)/Lesson 1.app/Lesson 1";
			};
			name = Debug;
		};
		7ADCB5881AEE3C3000B3CE36 /* Release */ = {
			isa = XCBuildConfiguration;
			buildSettings = {
				BUNDLE_LOADER = "$(TEST_HOST)";
				FRAMEWORK_SEARCH_PATHS = (
					"$(SDKROOT)/Developer/Library/Frameworks",
					"$(inherited)",
				);
				INFOPLIST_FILE = "Lesson 1Tests/Info.plist";
				LD_RUNPATH_SEARCH_PATHS = "$(inherited) @executable_path/Frameworks @loader_path/Frameworks";
				PRODUCT_NAME = "$(TARGET_NAME)";
				TEST_HOST = "$(BUILT_PRODUCTS_DIR)/Lesson 1.app/Lesson 1";
			};
			name = Release;
		};
/* End XCBuildConfiguration section */

/* Begin XCConfigurationList section */
		7ADCB55B1AEE3C3000B3CE36 /* Build configuration list for PBXProject "Lesson 1" */ = {
			isa = XCConfigurationList;
			buildConfigurations = (
				7ADCB5811AEE3C3000B3CE36 /* Debug */,
				7ADCB5821AEE3C3000B3CE36 /* Release */,
			);
			defaultConfigurationIsVisible = 0;
			defaultConfigurationName = Release;
		};
		7ADCB5831AEE3C3000B3CE36 /* Build configuration list for PBXNativeTarget "Lesson 1" */ = {
			isa = XCConfigurationList;
			buildConfigurations = (
				7ADCB5841AEE3C3000B3CE36 /* Debug */,
				7ADCB5851AEE3C3000B3CE36 /* Release */,
			);
			defaultConfigurationIsVisible = 0;
			defaultConfigurationName = Release;
		};
		7ADCB5861AEE3C3000B3CE36 /* Build configuration list for PBXNativeTarget "Lesson 1Tests" */ = {
			isa = XCConfigurationList;
			buildConfigurations = (
				7ADCB5871AEE3C3000B3CE36 /* Debug */,
				7ADCB5881AEE3C3000B3CE36 /* Release */,
			);
			defaultConfigurationIsVisible = 0;
			defaultConfigurationName = Release;
		};
/* End XCConfigurationList section */
	};
	rootObject = 7ADCB5581AEE3C3000B3CE36 /* Project object */;
}
